
Microsoft Visual Studio Solution File, Format Version 12.00
# Visual Studio Version 17
VisualStudioVersion = 17.0.31903.59
MinimumVisualStudioVersion = 10.0.40219.1
Project("{2150E333-8FDC-42A3-9474-1A3956D46DE8}") = "src", "src", "{936BD823-31E6-4BC3-8D8A-F8D85AD73BF8}"
EndProject
Project("{FAE04EC0-301F-11D3-BF4B-00C04F79EFBC}") = "Erp.Domain", "src\Erp.Domain\Erp.Domain.csproj", "{2036AEF5-A72E-4EB9-A9DB-94EDEFF0C8A4}"
EndProject
Project("{FAE04EC0-301F-11D3-BF4B-00C04F79EFBC}") = "Erp.Infrastructure", "src\Erp.Infrastructure\Erp.Infrastructure.csproj", "{0B90F105-98D9-4356-A1DD-0E45C60E7D24}"
EndProject
Project("{FAE04EC0-301F-11D3-BF4B-00C04F79EFBC}") = "Erp.Api", "src\Erp.Api\Erp.Api.csproj", "{9384459E-6E4F-4EC8-90FD-7DBCD592FAE3}"
EndProject
Project("{2150E333-8FDC-42A3-9474-1A3956D46DE8}") = "tests", "tests", "{41C9FC56-7076-4F12-AFCF-618E23C44000}"
EndProject
Project("{FAE04EC0-301F-11D3-BF4B-00C04F79EFBC}") = "Erp.Domain.Tests", "tests\Erp.Domain.Tests\Erp.Domain.Tests.csproj", "{157BC6FD-AE40-439F-9C20-66043EDB1E08}"
EndProject
Project("{FAE04EC0-301F-11D3-BF4B-00C04F79EFBC}") = "Erp.Application.Tests", "tests\Erp.Application.Tests\Erp.Application.Tests.csproj", "{C88CB666-73EB-4E98-A31C-E04FDA61FF51}"
EndProject
Project("{FAE04EC0-301F-11D3-BF4B-00C04F79EFBC}") = "Erp.Seeder", "src\Erp.Seeder\Erp.Seeder.csproj", "{2AD5023D-7FC9-4598-BB1F-F50ED40EB168}"
EndProject
Project("{FAE04EC0-301F-11D3-BF4B-00C04F79EFBC}") = "Erp.EventConsumer", "src\Erp.EventConsumer\Erp.EventConsumer.csproj", "{C0E47E6D-20CC-4C2E-B8D6-B956A6EDF63C}"
EndProject
Global
	GlobalSection(SolutionConfigurationPlatforms) = preSolution
		Debug|Any CPU = Debug|Any CPU
		Debug|x64 = Debug|x64
		Debug|x86 = Debug|x86
		Release|Any CPU = Release|Any CPU
		Release|x64 = Release|x64
		Release|x86 = Release|x86
	EndGlobalSection
	GlobalSection(ProjectConfigurationPlatforms) = postSolution
		{2036AEF5-A72E-4EB9-A9DB-94EDEFF0C8A4}.Debug|Any CPU.ActiveCfg = Debug|Any CPU
		{2036AEF5-A72E-4EB9-A9DB-94EDEFF0C8A4}.Debug|Any CPU.Build.0 = Debug|Any CPU
		{2036AEF5-A72E-4EB9-A9DB-94EDEFF0C8A4}.Debug|x64.ActiveCfg = Debug|Any CPU
		{2036AEF5-A72E-4EB9-A9DB-94EDEFF0C8A4}.Debug|x64.Build.0 = Debug|Any CPU
		{2036AEF5-A72E-4EB9-A9DB-94EDEFF0C8A4}.Debug|x86.ActiveCfg = Debug|Any CPU
		{2036AEF5-A72E-4EB9-A9DB-94EDEFF0C8A4}.Debug|x86.Build.0 = Debug|Any CPU
		{2036AEF5-A72E-4EB9-A9DB-94EDEFF0C8A4}.Release|Any CPU.ActiveCfg = Release|Any CPU
		{2036AEF5-A72E-4EB9-A9DB-94EDEFF0C8A4}.Release|Any CPU.Build.0 = Release|Any CPU
		{2036AEF5-A72E-4EB9-A9DB-94EDEFF0C8A4}.Release|x64.ActiveCfg = Release|Any CPU
		{2036AEF5-A72E-4EB9-A9DB-94EDEFF0C8A4}.Release|x64.Build.0 = Release|Any CPU
		{2036AEF5-A72E-4EB9-A9DB-94EDEFF0C8A4}.Release|x86.ActiveCfg = Release|Any CPU
		{2036AEF5-A72E-4EB9-A9DB-94EDEFF0C8A4}.Release|x86.Build.0 = Release|Any CPU
		{0B90F105-98D9-4356-A1DD-0E45C60E7D24}.Debug|Any CPU.ActiveCfg = Debug|Any CPU
		{0B90F105-98D9-4356-A1DD-0E45C60E7D24}.Debug|Any CPU.Build.0 = Debug|Any CPU
		{0B90F105-98D9-4356-A1DD-0E45C60E7D24}.Debug|x64.ActiveCfg = Debug|Any CPU
		{0B90F105-98D9-4356-A1DD-0E45C60E7D24}.Debug|x64.Build.0 = Debug|Any CPU
		{0B90F105-98D9-4356-A1DD-0E45C60E7D24}.Debug|x86.ActiveCfg = Debug|Any CPU
		{0B90F105-98D9-4356-A1DD-0E45C60E7D24}.Debug|x86.Build.0 = Debug|Any CPU
		{0B90F105-98D9-4356-A1DD-0E45C60E7D24}.Release|Any CPU.ActiveCfg = Release|Any CPU
		{0B90F105-98D9-4356-A1DD-0E45C60E7D24}.Release|Any CPU.Build.0 = Release|Any CPU
		{0B90F105-98D9-4356-A1DD-0E45C60E7D24}.Release|x64.ActiveCfg = Release|Any CPU
		{0B90F105-98D9-4356-A1DD-0E45C60E7D24}.Release|x64.Build.0 = Release|Any CPU
		{0B90F105-98D9-4356-A1DD-0E45C60E7D24}.Release|x86.ActiveCfg = Release|Any CPU
		{0B90F105-98D9-4356-A1DD-0E45C60E7D24}.Release|x86.Build.0 = Release|Any CPU
		{9384459E-6E4F-4EC8-90FD-7DBCD592FAE3}.Debug|Any CPU.ActiveCfg = Debug|Any CPU
		{9384459E-6E4F-4EC8-90FD-7DBCD592FAE3}.Debug|Any CPU.Build.0 = Debug|Any CPU
		{9384459E-6E4F-4EC8-90FD-7DBCD592FAE3}.Debug|x64.ActiveCfg = Debug|Any CPU
		{9384459E-6E4F-4EC8-90FD-7DBCD592FAE3}.Debug|x64.Build.0 = Debug|Any CPU
		{9384459E-6E4F-4EC8-90FD-7DBCD592FAE3}.Debug|x86.ActiveCfg = Debug|Any CPU
		{9384459E-6E4F-4EC8-90FD-7DBCD592FAE3}.Debug|x86.Build.0 = Debug|Any CPU
		{9384459E-6E4F-4EC8-90FD-7DBCD592FAE3}.Release|Any CPU.ActiveCfg = Release|Any CPU
		{9384459E-6E4F-4EC8-90FD-7DBCD592FAE3}.Release|Any CPU.Build.0 = Release|Any CPU
		{9384459E-6E4F-4EC8-90FD-7DBCD592FAE3}.Release|x64.ActiveCfg = Release|Any CPU
		{9384459E-6E4F-4EC8-90FD-7DBCD592FAE3}.Release|x64.Build.0 = Release|Any CPU
		{9384459E-6E4F-4EC8-90FD-7DBCD592FAE3}.Release|x86.ActiveCfg = Release|Any CPU
		{9384459E-6E4F-4EC8-90FD-7DBCD592FAE3}.Release|x86.Build.0 = Release|Any CPU
		{157BC6FD-AE40-439F-9C20-66043EDB1E08}.Debug|Any CPU.ActiveCfg = Debug|Any CPU
		{157BC6FD-AE40-439F-9C20-66043EDB1E08}.Debug|Any CPU.Build.0 = Debug|Any CPU
		{157BC6FD-AE40-439F-9C20-66043EDB1E08}.Debug|x64.ActiveCfg = Debug|Any CPU
		{157BC6FD-AE40-439F-9C20-66043EDB1E08}.Debug|x64.Build.0 = Debug|Any CPU
		{157BC6FD-AE40-439F-9C20-66043EDB1E08}.Debug|x86.ActiveCfg = Debug|Any CPU
		{157BC6FD-AE40-439F-9C20-66043EDB1E08}.Debug|x86.Build.0 = Debug|Any CPU
		{157BC6FD-AE40-439F-9C20-66043EDB1E08}.Release|Any CPU.ActiveCfg = Release|Any CPU
		{157BC6FD-AE40-439F-9C20-66043EDB1E08}.Release|Any CPU.Build.0 = Release|Any CPU
		{157BC6FD-AE40-439F-9C20-66043EDB1E08}.Release|x64.ActiveCfg = Release|Any CPU
		{157BC6FD-AE40-439F-9C20-66043EDB1E08}.Release|x64.Build.0 = Release|Any CPU
		{157BC6FD-AE40-439F-9C20-66043EDB1E08}.Release|x86.ActiveCfg = Release|Any CPU
		{157BC6FD-AE40-439F-9C20-66043EDB1E08}.Release|x86.Build.0 = Release|Any CPU
		{C88CB666-73EB-4E98-A31C-E04FDA61FF51}.Debug|Any CPU.ActiveCfg = Debug|Any CPU
		{C88CB666-73EB-4E98-A31C-E04FDA61FF51}.Debug|Any CPU.Build.0 = Debug|Any CPU
		{C88CB666-73EB-4E98-A31C-E04FDA61FF51}.Debug|x64.ActiveCfg = Debug|Any CPU
		{C88CB666-73EB-4E98-A31C-E04FDA61FF51}.Debug|x64.Build.0 = Debug|Any CPU
		{C88CB666-73EB-4E98-A31C-E04FDA61FF51}.Debug|x86.ActiveCfg = Debug|Any CPU
		{C88CB666-73EB-4E98-A31C-E04FDA61FF51}.Debug|x86.Build.0 = Debug|Any CPU
		{C88CB666-73EB-4E98-A31C-E04FDA61FF51}.Release|Any CPU.ActiveCfg = Release|Any CPU
		{C88CB666-73EB-4E98-A31C-E04FDA61FF51}.Release|Any CPU.Build.0 = Release|Any CPU
		{C88CB666-73EB-4E98-A31C-E04FDA61FF51}.Release|x64.ActiveCfg = Release|Any CPU
		{C88CB666-73EB-4E98-A31C-E04FDA61FF51}.Release|x64.Build.0 = Release|Any CPU
		{C88CB666-73EB-4E98-A31C-E04FDA61FF51}.Release|x86.ActiveCfg = Release|Any CPU
		{C88CB666-73EB-4E98-A31C-E04FDA61FF51}.Release|x86.Build.0 = Release|Any CPU
		{2AD5023D-7FC9-4598-BB1F-F50ED40EB168}.Debug|Any CPU.ActiveCfg = Debug|Any CPU
		{2AD5023D-7FC9-4598-BB1F-F50ED40EB168}.Debug|Any CPU.Build.0 = Debug|Any CPU
		{2AD5023D-7FC9-4598-BB1F-F50ED40EB168}.Debug|x64.ActiveCfg = Debug|Any CPU
		{2AD5023D-7FC9-4598-BB1F-F50ED40EB168}.Debug|x64.Build.0 = Debug|Any CPU
		{2AD5023D-7FC9-4598-BB1F-F50ED40EB168}.Debug|x86.ActiveCfg = Debug|Any CPU
		{2AD5023D-7FC9-4598-BB1F-F50ED40EB168}.Debug|x86.Build.0 = Debug|Any CPU
		{2AD5023D-7FC9-4598-BB1F-F50ED40EB168}.Release|Any CPU.ActiveCfg = Release|Any CPU
		{2AD5023D-7FC9-4598-BB1F-F50ED40EB168}.Release|Any CPU.Build.0 = Release|Any CPU
		{2AD5023D-7FC9-4598-BB1F-F50ED40EB168}.Release|x64.ActiveCfg = Release|Any CPU
		{2AD5023D-7FC9-4598-BB1F-F50ED40EB168}.Release|x64.Build.0 = Release|Any CPU
		{2AD5023D-7FC9-4598-BB1F-F50ED40EB168}.Release|x86.ActiveCfg = Release|Any CPU
		{2AD5023D-7FC9-4598-BB1F-F50ED40EB168}.Release|x86.Build.0 = Release|Any CPU
		{C0E47E6D-20CC-4C2E-B8D6-B956A6EDF63C}.Debug|Any CPU.ActiveCfg = Debug|Any CPU
		{C0E47E6D-20CC-4C2E-B8D6-B956A6EDF63C}.Debug|Any CPU.Build.0 = Debug|Any CPU
		{C0E47E6D-20CC-4C2E-B8D6-B956A6EDF63C}.Debug|x64.ActiveCfg = Debug|Any CPU
		{C0E47E6D-20CC-4C2E-B8D6-B956A6EDF63C}.Debug|x64.Build.0 = Debug|Any CPU
		{C0E47E6D-20CC-4C2E-B8D6-B956A6EDF63C}.Debug|x86.ActiveCfg = Debug|Any CPU
		{C0E47E6D-20CC-4C2E-B8D6-B956A6EDF63C}.Debug|x86.Build.0 = Debug|Any CPU
		{C0E47E6D-20CC-4C2E-B8D6-B956A6EDF63C}.Release|Any CPU.ActiveCfg = Release|Any CPU
		{C0E47E6D-20CC-4C2E-B8D6-B956A6EDF63C}.Release|Any CPU.Build.0 = Release|Any CPU
		{C0E47E6D-20CC-4C2E-B8D6-B956A6EDF63C}.Release|x64.ActiveCfg = Release|Any CPU
		{C0E47E6D-20CC-4C2E-B8D6-B956A6EDF63C}.Release|x64.Build.0 = Release|Any CPU
		{C0E47E6D-20CC-4C2E-B8D6-B956A6EDF63C}.Release|x86.ActiveCfg = Release|Any CPU
		{C0E47E6D-20CC-4C2E-B8D6-B956A6EDF63C}.Release|x86.Build.0 = Release|Any CPU
	EndGlobalSection
	GlobalSection(SolutionProperties) = preSolution
		HideSolutionNode = FALSE
	EndGlobalSection
	GlobalSection(NestedProjects) = preSolution
		{2036AEF5-A72E-4EB9-A9DB-94EDEFF0C8A4} = {936BD823-31E6-4BC3-8D8A-F8D85AD73BF8}
		{0B90F105-98D9-4356-A1DD-0E45C60E7D24} = {936BD823-31E6-4BC3-8D8A-F8D85AD73BF8}
		{9384459E-6E4F-4EC8-90FD-7DBCD592FAE3} = {936BD823-31E6-4BC3-8D8A-F8D85AD73BF8}
		{157BC6FD-AE40-439F-9C20-66043EDB1E08} = {41C9FC56-7076-4F12-AFCF-618E23C44000}
		{C88CB666-73EB-4E98-A31C-E04FDA61FF51} = {41C9FC56-7076-4F12-AFCF-618E23C44000}
		{2AD5023D-7FC9-4598-BB1F-F50ED40EB168} = {936BD823-31E6-4BC3-8D8A-F8D85AD73BF8}
		{C0E47E6D-20CC-4C2E-B8D6-B956A6EDF63C} = {936BD823-31E6-4BC3-8D8A-F8D85AD73BF8}
	EndGlobalSection
EndGlobal
